# THIS IS AN AUTOGENERATED FILE. DO NOT EDIT THIS FILE DIRECTLY.
# yarn lockfile v1


"@napi-rs/triples@^1.0.3":
  version "1.0.3"
  resolved "https://registry.yarnpkg.com/@napi-rs/triples/-/triples-1.0.3.tgz#76d6d0c3f4d16013c61e45dfca5ff1e6c31ae53c"
  integrity sha512-jDJTpta+P4p1NZTFVLHJ/TLFVYVcOqv6l8xwOeBKNPMgY/zDYH/YH7SJbvrr/h1RcS9GzbPcLKGzpuK9cV56UA==

"@node-rs/helper@^1.0.0":
  version "1.2.1"
  resolved "https://registry.yarnpkg.com/@node-rs/helper/-/helper-1.2.1.tgz#e079b05f21ff4329d82c4e1f71c0290e4ecdc70c"
  integrity sha512-R5wEmm8nbuQU0YGGmYVjEc0OHtYsuXdpRG+Ut/3wZ9XAvQWyThN08bTh2cBJgoZxHQUPtvRfeQuxcAgLuiBISg==
  dependencies:
    "@napi-rs/triples" "^1.0.3"

"@nodelib/fs.scandir@2.1.5":
  version "2.1.5"
  resolved "https://registry.yarnpkg.com/@nodelib/fs.scandir/-/fs.scandir-2.1.5.tgz#7619c2eb21b25483f6d167548b4cfd5a7488c3d5"
  integrity sha512-vq24Bq3ym5HEQm2NKCr3yXDwjc7vTsEThRDnkp2DK9p1uqLR+DHurm/NOTo0KG7HYHU7eppKZj3MyqYuMBf62g==
  dependencies:
    "@nodelib/fs.stat" "2.0.5"
    run-parallel "^1.1.9"

"@nodelib/fs.stat@2.0.5", "@nodelib/fs.stat@^2.0.2":
  version "2.0.5"
  resolved "https://registry.yarnpkg.com/@nodelib/fs.stat/-/fs.stat-2.0.5.tgz#5bd262af94e9d25bd1e71b05deed44876a222e8b"
  integrity sha512-RkhPPp2zrqDAQA/2jNhnztcPAlv64XdhIp7a7454A5ovI7Bukxgt7MX7udwAu3zg1DcpPU0rz3VV1SeaqvY4+A==

"@nodelib/fs.walk@^1.2.3":
  version "1.2.8"
  resolved "https://registry.yarnpkg.com/@nodelib/fs.walk/-/fs.walk-1.2.8.tgz#e95737e8bb6746ddedf69c556953494f196fe69a"
  integrity sha512-oGB+UxlgWcgQkgwo8GcEGwemoTFt3FIO9ababBmaGwXIoBKZ+GTy0pP185beGg7Llih/NSHSV2XAs1lnznocSg==
  dependencies:
    "@nodelib/fs.scandir" "2.1.5"
    fastq "^1.6.0"

"@swc/cli@^0.1.51":
  version "0.1.51"
  resolved "https://registry.yarnpkg.com/@swc/cli/-/cli-0.1.51.tgz#720f2d966446558011085c2a40a65fd9079d06a1"
  integrity sha512-7eqZGpkI4QOYfF+9FV4xpT/V/LSRDs5OMJcm4Z46JnPMvv+sxumAFdCe1hHRzHgnzwis9OtjI8Tt3Srf9JudQw==
  dependencies:
    commander "^7.1.0"
    fast-glob "^3.2.5"
    slash "3.0.0"
    source-map "^0.7.3"

"@swc/core-android-arm64@1.2.102":
  version "1.2.102"
  resolved "https://registry.yarnpkg.com/@swc/core-android-arm64/-/core-android-arm64-1.2.102.tgz#972a47217053cc759f0bc0308a508279de1247ba"
  integrity sha512-03wXXSyzm3I/7E3HihYRwvR/v5Xq8Z6j+oXYAouNoQo0/ODTMH9ATFv30csrK3mRtVEcJUk8VpVvfyh1N4hqkw==

"@swc/core-darwin-arm64@1.2.102":
  version "1.2.102"
  resolved "https://registry.yarnpkg.com/@swc/core-darwin-arm64/-/core-darwin-arm64-1.2.102.tgz#1795a4080d1060ca8ac52f218cc4c64b73a7ef06"
  integrity sha512-DlC9+qt6gq6gGbmr9MCuMZmdHD/RyfZlf7YfkbQOlRlxaanUWz0lq0TZDWGI6MIofVOgaTle0FImPXby6dI/RA==

"@swc/core-darwin-x64@1.2.102":
  version "1.2.102"
  resolved "https://registry.yarnpkg.com/@swc/core-darwin-x64/-/core-darwin-x64-1.2.102.tgz#f48ab5b8b56798d36acd38838c62eb0be4af3c4b"
  integrity sha512-JQhxbDnb8RYZ4m7B1f5J05HlUfmjiniQDnpSrvo5rDhlAZWXxuAKjEJQw8Qas/vqLdmgqrZ9POZmFaMBwIgKwg==

"@swc/core-linux-arm-gnueabihf@1.2.102":
  version "1.2.102"
  resolved "https://registry.yarnpkg.com/@swc/core-linux-arm-gnueabihf/-/core-linux-arm-gnueabihf-1.2.102.tgz#a617cea4f5a2ff1aac9f668da12dd7a6a0a6700d"
  integrity sha512-XWr6Cm3lBOcSGjTjPDLWHBh+lOSkKFMS2gCpLmIC3StAvtcN0oQY59T4cqDfe7VcBgJcdeo/H4dEnrXvnJyCaw==

"@swc/core-linux-arm64-gnu@1.2.102":
  version "1.2.102"
  resolved "https://registry.yarnpkg.com/@swc/core-linux-arm64-gnu/-/core-linux-arm64-gnu-1.2.102.tgz#0abccb26af51783be141dea8b7af0baa0dcc55b4"
  integrity sha512-HVtLVBpyqpSIkXmonW75nDzpdrRtZXwEYLYG+y6Sw/8AQFQ9WntwnR+xoJ8q9o3Bby2DGpWetjR0V8rr1m+lmg==

"@swc/core-linux-arm64-musl@1.2.102":
  version "1.2.102"
  resolved "https://registry.yarnpkg.com/@swc/core-linux-arm64-musl/-/core-linux-arm64-musl-1.2.102.tgz#ab079233626a355995b8e25e3666a759edffe1c5"
  integrity sha512-XDgnkd90alnkBB+JcXaYIG5lXrv/ppLb9Z5fZ4BIsi8uNsVZgo+H/eAj/BTcYff4mpyGdCdqd7P1lC/WRR8uEg==

"@swc/core-linux-x64-gnu@1.2.102":
  version "1.2.102"
  resolved "https://registry.yarnpkg.com/@swc/core-linux-x64-gnu/-/core-linux-x64-gnu-1.2.102.tgz#6336698ffae22a491e782cb9ab7478130ceb2240"
  integrity sha512-O3XZpJ0GMghNcO5uxfhAvDTJ4FgDOcq8DBPpa4f4Mz7hU6fcGY4Koy4rUeff4BuOKlIzI/O+REszxk7Fiivh2w==

"@swc/core-linux-x64-musl@1.2.102":
  version "1.2.102"
  resolved "https://registry.yarnpkg.com/@swc/core-linux-x64-musl/-/core-linux-x64-musl-1.2.102.tgz#b9f557dd53647318ac6dd832f174efe8e7386e1a"
  integrity sha512-bGqatsVX3yc56YoOLGcHMUG23I2PKMe638vCBfuKVWN6UKcGJGMzqZV/efyPiHJDFcWzN/1jYW3GccGQq97G3Q==

"@swc/core-win32-arm64-msvc@1.2.102":
  version "1.2.102"
  resolved "https://registry.yarnpkg.com/@swc/core-win32-arm64-msvc/-/core-win32-arm64-msvc-1.2.102.tgz#e7c7958f0c2adb1e83a375e0d8d6af673e53150d"
  integrity sha512-A15tUAEDS72a2ixNQl3mKCgMD6RVzntMdWl9pDG71/xRd/U/NVIKx0x12FT5fUQH8PTJ7cgcp2Y0VqKeeEuF5w==

"@swc/core-win32-ia32-msvc@1.2.102":
  version "1.2.102"
  resolved "https://registry.yarnpkg.com/@swc/core-win32-ia32-msvc/-/core-win32-ia32-msvc-1.2.102.tgz#f14c93ac0c8b2ec03a8d5438b86551d962da4b0c"
  integrity sha512-uePvr9+C1Z0KVElU/Y6ZyXw7vqzRIxl+KSYfn9mCFpgYy/1BRSmxpxqTzR0rkfClXMBi2W9a0JosmWbUvRC8ZQ==

"@swc/core-win32-x64-msvc@1.2.102":
  version "1.2.102"
  resolved "https://registry.yarnpkg.com/@swc/core-win32-x64-msvc/-/core-win32-x64-msvc-1.2.102.tgz#e3cbbb58d99174b7b7d9c1c58467491d31dca269"
  integrity sha512-VsUducGCqKm0ucFrZiKQZ95Y4EcCSivg/zYBdTXM20eu/7mG9ynBXHCoKW0B+69D6J3IZsrc9Hvcu7gKkT9QfQ==

"@swc/core@^1.2.102":
  version "1.2.102"
  resolved "https://registry.yarnpkg.com/@swc/core/-/core-1.2.102.tgz#c71fd22941fa9b7b3c52c778d494ab57beef2c17"
  integrity sha512-KQEsDWb8HTSQ/I8N6qVHNSl6al/qcXxsRAjpEP8ZPnnpgThbnP9MeKpT2KeU+Qd4VD0qXM72dMm2QOPzdSlxHQ==
  dependencies:
    "@node-rs/helper" "^1.0.0"
  optionalDependencies:
    "@swc/core-android-arm64" "1.2.102"
    "@swc/core-darwin-arm64" "1.2.102"
    "@swc/core-darwin-x64" "1.2.102"
    "@swc/core-linux-arm-gnueabihf" "1.2.102"
    "@swc/core-linux-arm64-gnu" "1.2.102"
    "@swc/core-linux-arm64-musl" "1.2.102"
    "@swc/core-linux-x64-gnu" "1.2.102"
    "@swc/core-linux-x64-musl" "1.2.102"
    "@swc/core-win32-arm64-msvc" "1.2.102"
    "@swc/core-win32-ia32-msvc" "1.2.102"
    "@swc/core-win32-x64-msvc" "1.2.102"

braces@^3.0.1:
  version "3.0.2"
  resolved "https://registry.yarnpkg.com/braces/-/braces-3.0.2.tgz#3454e1a462ee8d599e236df336cd9ea4f8afe107"
  integrity sha512-b8um+L1RzM3WDSzvhm6gIz1yfTbBt6YTlcEKAvsmqCZZFw46z626lVj9j1yEPW33H5H+lBQpZMP1k8l+78Ha0A==
  dependencies:
    fill-range "^7.0.1"

commander@^7.1.0:
  version "7.2.0"
  resolved "https://registry.yarnpkg.com/commander/-/commander-7.2.0.tgz#a36cb57d0b501ce108e4d20559a150a391d97ab7"
  integrity sha512-QrWXB+ZQSVPmIWIhtEO9H+gwHaMGYiF5ChvoJ+K9ZGHG/sVsa6yiesAD1GC/x46sET00Xlwo1u49RVVVzvcSkw==

fast-glob@^3.2.5:
  version "3.2.7"
  resolved "https://registry.yarnpkg.com/fast-glob/-/fast-glob-3.2.7.tgz#fd6cb7a2d7e9aa7a7846111e85a196d6b2f766a1"
  integrity sha512-rYGMRwip6lUMvYD3BTScMwT1HtAs2d71SMv66Vrxs0IekGZEjhM0pcMfjQPnknBt2zeCwQMEupiN02ZP4DiT1Q==
  dependencies:
    "@nodelib/fs.stat" "^2.0.2"
    "@nodelib/fs.walk" "^1.2.3"
    glob-parent "^5.1.2"
    merge2 "^1.3.0"
    micromatch "^4.0.4"

fastq@^1.6.0:
  version "1.13.0"
  resolved "https://registry.yarnpkg.com/fastq/-/fastq-1.13.0.tgz#616760f88a7526bdfc596b7cab8c18938c36b98c"
  integrity sha512-YpkpUnK8od0o1hmeSc7UUs/eB/vIPWJYjKck2QKIzAf71Vm1AAQ3EbuZB3g2JIy+pg+ERD0vqI79KyZiB2e2Nw==
  dependencies:
    reusify "^1.0.4"

fill-range@^7.0.1:
  version "7.0.1"
  resolved "https://registry.yarnpkg.com/fill-range/-/fill-range-7.0.1.tgz#1919a6a7c75fe38b2c7c77e5198535da9acdda40"
  integrity sha512-qOo9F+dMUmC2Lcb4BbVvnKJxTPjCm+RRpe4gDuGrzkL7mEVl/djYSu2OdQ2Pa302N4oqkSg9ir6jaLWJ2USVpQ==
  dependencies:
    to-regex-range "^5.0.1"

glob-parent@^5.1.2:
  version "5.1.2"
  resolved "https://registry.yarnpkg.com/glob-parent/-/glob-parent-5.1.2.tgz#869832c58034fe68a4093c17dc15e8340d8401c4"
  integrity sha512-AOIgSQCepiJYwP3ARnGx+5VnTu2HBYdzbGP45eLw1vr3zB3vZLeyed1sC9hnbcOc9/SrMyM5RPQrkGz4aS9Zow==
  dependencies:
    is-glob "^4.0.1"

is-extglob@^2.1.1:
  version "2.1.1"
  resolved "https://registry.yarnpkg.com/is-extglob/-/is-extglob-2.1.1.tgz#a88c02535791f02ed37c76a1b9ea9773c833f8c2"
  integrity sha1-qIwCU1eR8C7TfHahueqXc8gz+MI=

is-glob@^4.0.1:
  version "4.0.3"
  resolved "https://registry.yarnpkg.com/is-glob/-/is-glob-4.0.3.tgz#64f61e42cbbb2eec2071a9dac0b28ba1e65d5084"
  integrity sha512-xelSayHH36ZgE7ZWhli7pW34hNbNl8Ojv5KVmkJD4hBdD3th8Tfk9vYasLM+mXWOZhFkgZfxhLSnrwRr4elSSg==
  dependencies:
    is-extglob "^2.1.1"

is-number@^7.0.0:
  version "7.0.0"
  resolved "https://registry.yarnpkg.com/is-number/-/is-number-7.0.0.tgz#7535345b896734d5f80c4d06c50955527a14f12b"
  integrity sha512-41Cifkg6e8TylSpdtTpeLVMqvSBEVzTttHvERD741+pnZ8ANv0004MRL43QKPDlK9cGvNp6NZWZUBlbGXYxxng==

merge2@^1.3.0:
  version "1.4.1"
  resolved "https://registry.yarnpkg.com/merge2/-/merge2-1.4.1.tgz#4368892f885e907455a6fd7dc55c0c9d404990ae"
  integrity sha512-8q7VEgMJW4J8tcfVPy8g09NcQwZdbwFEqhe/WZkoIzjn/3TGDwtOCYtXGxA3O8tPzpczCCDgv+P2P5y00ZJOOg==

micromatch@^4.0.4:
  version "4.0.4"
  resolved "https://registry.yarnpkg.com/micromatch/-/micromatch-4.0.4.tgz#896d519dfe9db25fce94ceb7a500919bf881ebf9"
  integrity sha512-pRmzw/XUcwXGpD9aI9q/0XOwLNygjETJ8y0ao0wdqprrzDa4YnxLcz7fQRZr8voh8V10kGhABbNcHVk5wHgWwg==
  dependencies:
    braces "^3.0.1"
    picomatch "^2.2.3"

picomatch@^2.2.3:
  version "2.3.0"
  resolved "https://registry.yarnpkg.com/picomatch/-/picomatch-2.3.0.tgz#f1f061de8f6a4bf022892e2d128234fb98302972"
  integrity sha512-lY1Q/PiJGC2zOv/z391WOTD+Z02bCgsFfvxoXXf6h7kv9o+WmsmzYqrAwY63sNgOxE4xEdq0WyUnXfKeBrSvYw==

queue-microtask@^1.2.2:
  version "1.2.3"
  resolved "https://registry.yarnpkg.com/queue-microtask/-/queue-microtask-1.2.3.tgz#4929228bbc724dfac43e0efb058caf7b6cfb6243"
  integrity sha512-NuaNSa6flKT5JaSYQzJok04JzTL1CA6aGhv5rfLW3PgqA+M2ChpZQnAC8h8i4ZFkBS8X5RqkDBHA7r4hej3K9A==

reusify@^1.0.4:
  version "1.0.4"
  resolved "https://registry.yarnpkg.com/reusify/-/reusify-1.0.4.tgz#90da382b1e126efc02146e90845a88db12925d76"
  integrity sha512-U9nH88a3fc/ekCF1l0/UP1IosiuIjyTh7hBvXVMHYgVcfGvt897Xguj2UOLDeI5BG2m7/uwyaLVT6fbtCwTyzw==

run-parallel@^1.1.9:
  version "1.2.0"
  resolved "https://registry.yarnpkg.com/run-parallel/-/run-parallel-1.2.0.tgz#66d1368da7bdf921eb9d95bd1a9229e7f21a43ee"
  integrity sha512-5l4VyZR86LZ/lDxZTR6jqL8AFE2S0IFLMP26AbjsLVADxHdhB/c0GUsH+y39UfCi3dzz8OlQuPmnaJOMoDHQBA==
  dependencies:
    queue-microtask "^1.2.2"

slash@3.0.0:
  version "3.0.0"
  resolved "https://registry.yarnpkg.com/slash/-/slash-3.0.0.tgz#6539be870c165adbd5240220dbe361f1bc4d4634"
  integrity sha512-g9Q1haeby36OSStwb4ntCGGGaKsaVSjQ68fBxoQcutl5fS1vuY18H3wSt3jFyFtrkx+Kz0V1G85A4MyAdDMi2Q==

source-map@^0.7.3:
  version "0.7.3"
  resolved "https://registry.yarnpkg.com/source-map/-/source-map-0.7.3.tgz#5302f8169031735226544092e64981f751750383"
  integrity sha512-CkCj6giN3S+n9qrYiBTX5gystlENnRW5jZeNLHpe6aue+SrHcG5VYwujhW9s4dY31mEGsxBDrHR6oI69fTXsaQ==

to-regex-range@^5.0.1:
  version "5.0.1"
  resolved "https://registry.yarnpkg.com/to-regex-range/-/to-regex-range-5.0.1.tgz#1648c44aae7c8d988a326018ed72f5b4dd0392e4"
  integrity sha512-65P7iz6X5yEr1cwcgvQxbbIw7Uk3gOy5dIdtZ4rDveLqhrdJP+Li/Hx6tyK0NEb+2GCyneCMJiGqrADCSNk8sQ==
  dependencies:
    is-number "^7.0.0"
